
Microsoft Visual Studio Solution File, Format Version 12.00
# Visual Studio Version 17
VisualStudioVersion = 17.9.34728.123
MinimumVisualStudioVersion = 10.0.40219.1
Project("{FAE04EC0-301F-11D3-BF4B-00C04F79EFBC}") = "Bai1New", "Bai1New\Bai1New.csproj", "{116D72DD-A875-4FFB-92A1-19FADC627D58}"
EndProject
Global
	GlobalSection(SolutionConfigurationPlatforms) = preSolution
		Debug|Any CPU = Debug|Any CPU
		Release|Any CPU = Release|Any CPU
	EndGlobalSection
	GlobalSection(ProjectConfigurationPlatforms) = postSolution
		{116D72DD-A875-4FFB-92A1-19FADC627D58}.Debug|Any CPU.ActiveCfg = Debug|Any CPU
		{116D72DD-A875-4FFB-92A1-19FADC627D58}.Debug|Any CPU.Build.0 = Debug|Any CPU
		{116D72DD-A875-4FFB-92A1-19FADC627D58}.Release|Any CPU.ActiveCfg = Release|Any CPU
		{116D72DD-A875-4FFB-92A1-19FADC627D58}.Release|Any CPU.Build.0 = Release|Any CPU
	EndGlobalSection
	GlobalSection(SolutionProperties) = preSolution
		HideSolutionNode = FALSE
	EndGlobalSection
	GlobalSection(ExtensibilityGlobals) = postSolution
		SolutionGuid = {E0391C61-86E2-4369-A1C1-CE11EDD5B5E6}
	EndGlobalSection
EndGlobal
